lockfileVersion: '9.0'

settings:
  autoInstallPeers: true
  excludeLinksFromLockfile: false

catalogs:
  default:
    '@types/node':
      specifier: 22.20.2
      version: 22.20.2
    '@types/react':
      specifier: 19.3.0
      version: 19.3.0
    '@types/react-dom':
      specifier: 19.3.0
      version: 19.3.0
    firebase:
      specifier: 12.19.0
      version: 12.19.0
    firebase-admin:
      specifier: 13.10.0
      version: 13.10.0
    next:
      specifier: 16.3.5
      version: 16.3.5
    react:
      specifier: 19.3.0
      version: 19.3.0
    react-dom:
      specifier: 19.3.0
      version: 19.3.0
    tsx:
      specifier: 4.23.13
      version: 4.23.13
    typescript:
      specifier: 7.0.2
      version: 7.0.2

importers:

  .:
    devDependencies:
      tsx:
        specifier: 'catalog:'
        version: 4.23.13

  apps/web:
    dependencies:
      '@unsaid/catalog':
        specifier: workspace:*
        version: link:../../packages/catalog
      '@unsaid/db':
        specifier: workspace:*
        version: link:../../packages/db
      '@unsaid/domain':
        specifier: workspace:*
        version: link:../../packages/domain
      firebase:
        specifier: 'catalog:'
        version: 12.19.0
      next:
        specifier: 'catalog:'
        version: 16.3.5(@opentelemetry/api@1.9.1)(@types/node@22.20.2)(react-dom@19.3.0(react@19.3.0))(react@19.3.0)
      react:
        specifier: 'catalog:'
        version: 19.3.0
      react-dom:
        specifier: 'catalog:'
        version: 19.3.0(react@19.3.0)
    devDependencies:
      '@types/node':
        specifier: 'catalog:'
        version: 22.20.2
      '@types/react':
        specifier: 'catalog:'
        version: 19.3.0
      '@types/react-dom':
        specifier: 'catalog:'
        version: 19.3.0(@types/react@19.3.0)
      typescript:
        specifier: 'catalog:'
        version: 7.0.2

  apps/worker:
    dependencies:
      '@unsaid/domain':
        specifier: workspace:*
        version: link:../../packages/domain
      sharp:
        specifier: 0.35.4
        version: 0.35.4(@types/node@22.20.2)
    devDependencies:
      '@types/node':
        specifier: 'catalog:'
        version: 22.20.2
      tsx:
        specifier: 'catalog:'
        version: 4.23.13
      typescript:
        specifier: 'catalog:'
        version: 7.0.2

  packages/catalog:
    dependencies:
      '@unsaid/domain':
        specifier: workspace:*
        version: link:../domain
    devDependencies:
      typescript:
        specifier: 'catalog:'
        version: 7.0.2

  packages/db:
    dependencies:
      '@unsaid/catalog':
        specifier: workspace:*
        version: link:../catalog
      '@unsaid/domain':
        specifier: workspace:*
        version: link:../domain
      firebase-admin:
        specifier: 'catalog:'
        version: 13.10.0(@firebase/app-compat@0.5.18)(@firebase/app@0.16.2)
    devDependencies:
      '@types/node':
        specifier: 'catalog:'
        version: 22.20.2
      typescript:
        specifier: 'catalog:'
        version: 7.0.2

  packages/domain:
    devDependencies:
      typescript:
        specifier: 'catalog:'
        version: 7.0.2

  packages/ui:
    devDependencies:
      typescript:
        specifier: 'catalog:'
        version: 7.0.2

packages:

  '@emnapi/runtime@1.11.3':
    resolution: {integrity: sha512-Xz4Tpyki7XyrpbUK1jR1AhdAdaXyhhY4lZ3neLodmhpuWfy2PAQN5B46sAiU4liOXGLkHypn/qU+jvfWSCYYLA==}

  '@esbuild/aix-ppc64@0.28.2':
    resolution: {integrity: sha512-XExcO+dvLKvVtNTibSTBej1NCAbaGhWn9Ww1ZPx80qsahhPFe/8jgWP0IchNe0F3HwkU7n8ejhH8bjonqht8mQ==}
    engines: {node: '>=18'}
    cpu: [ppc64]
    os: [aix]

  '@esbuild/android-arm64@0.28.2':
    resolution: {integrity: sha512-5YfKeeI8qWfBZIX+u2xZC3Zlb3Os/gLS2sbEKM+I4ZOcsWmHS2WLysCcQZDAFRslDUU5Oiq44gf6PYN1vGwG5A==}